// !$*UTF8*$!
{
	archiveVersion = 1;
	classes = {
	};
	objectVersion = 46;
	objects = {

/* Begin PBXBuildFile section */
		43F9C2C31CA355E2008FADFC /* AppDelegate.swift in Sources */ = {isa = PBXBuildFile; fileRef = 43F9C2C21CA355E2008FADFC /* AppDelegate.swift */; };
		43F9C2C51CA355E2008FADFC /* ViewController.swift in Sources */ = {isa = PBXBuildFile; fileRef = 43F9C2C41CA355E2008FADFC /* ViewController.swift */; };
		43F9C2C81CA355E2008FADFC /* Main.storyboard in Resources */ = {isa = PBXBuildFile; fileRef = 43F9C2C61CA355E2008FADFC /* Main.storyboard */; };
		43F9C2CA1CA355E2008FADFC /* Assets.xcassets in Resources */ = {isa = PBXBuildFile; fileRef = 43F9C2C91CA355E2008FADFC /* Assets.xcassets */; };
		43F9C2CD1CA355E2008FADFC /* LaunchScreen.storyboard in Resources */ = {isa = PBXBuildFile; fileRef = 43F9C2CB1CA355E2008FADFC /* LaunchScreen.storyboard */; };
/* End PBXBuildFile section */

/* Begin PBXFileReference section */
		43F9C2BF1CA355E2008FADFC /* SegmentedControl.app */ = {isa = PBXFileReference; explicitFileType = wrapper.application; includeInIndex = 0; path = SegmentedControl.app; sourceTree = BUILT_PRODUCTS_DIR; };
		43F9C2C21CA355E2008FADFC /* AppDelegate.swift */ = {isa = PBXFileReference; lastKnownFileType = sourcecode.swift; path = AppDelegate.swift; sourceTree = "<group>"; };
		43F9C2C41CA355E2008FADFC /* ViewController.swift */ = {isa = PBXFileReference; lastKnownFileType = sourcecode.swift; path = ViewController.swift; sourceTree = "<group>"; };
		43F9C2C71CA355E2008FADFC /* Base */ = {isa = PBXFileReference; lastKnownFileType = file.storyboard; name = Base; path = Base.lproj/Main.storyboard; sourceTree = "<group>"; };
		43F9C2C91CA355E2008FADFC /* Assets.xcassets */ = {isa = PBXFileReference; lastKnownFileType = folder.assetcatalog; path = Assets.xcassets; sourceTree = "<group>"; };
		43F9C2CC1CA355E2008FADFC /* Base */ = {isa = PBXFileReference; lastKnownFileType = file.storyboard; name = Base; path = Base.lproj/LaunchScreen.storyboard; sourceTree = "<group>"; };
		43F9C2CE1CA355E2008FADFC /* Info.plist */ = {isa = PBXFileReference; lastKnownFileType = text.plist.xml; path = Info.plist; sourceTree = "<group>"; };
/* End PBXFileReference section */

/* Begin PBXFrameworksBuildPhase section */
		43F9C2BC1CA355E2008FADFC /* Frameworks */ = {
			isa = PBXFrameworksBuildPhase;
			buildActionMask = 2147483647;
			files = (
			);
			runOnlyForDeploymentPostprocessing = 0;
		};
/* End PBXFrameworksBuildPhase section */

/* Begin PBXGroup section */
		43F9C2B61CA355E2008FADFC = {
			isa = PBXGroup;
			children = (
				43F9C2C11CA355E2008FADFC /* SegmentedControl */,
				43F9C2C01CA355E2008FADFC /* Products */,
			);
			sourceTree = "<group>";
		};
		43F9C2C01CA355E2008FADFC /* Products */ = {
			isa = PBXGroup;
			children = (
				43F9C2BF1CA355E2008FADFC /* SegmentedControl.app */,
			);
			name = Products;
			sourceTree = "<group>";
		};
		43F9C2C11CA355E2008FADFC /* SegmentedControl */ = {
			isa = PBXGroup;
			children = (
				43F9C2C21CA355E2008FADFC /* AppDelegate.swift */,
				43F9C2C41CA355E2008FADFC /* ViewController.swift */,
				43F9C2C61CA355E2008FADFC /* Main.storyboard */,
				43F9C2C91CA355E2008FADFC /* Assets.xcassets */,
				43F9C2CB1CA355E2008FADFC /* LaunchScreen.storyboard */,
				43F9C2CE1CA355E2008FADFC /* Info.plist */,
			);
			path = SegmentedControl;
			sourceTree = "<group>";
		};
/* End PBXGroup section */

/* Begin PBXNativeTarget section */
		43F9C2BE1CA355E2008FADFC /* SegmentedControl */ = {
			isa = PBXNativeTarget;
			buildConfigurationList = 43F9C2D11CA355E2008FADFC /* Build configuration list for PBXNativeTarget "SegmentedControl" */;
			buildPhases = (
				43F9C2BB1CA355E2008FADFC /* Sources */,
				43F9C2BC1CA355E2008FADFC /* Frameworks */,
				43F9C2BD1CA355E2008FADFC /* Resources */,
			);
			buildRules = (
			);
			dependencies = (
			);
			name = SegmentedControl;
			productName = SegmentedControl;
			productReference = 43F9C2BF1CA355E2008FADFC /* SegmentedControl.app */;
			productType = "com.apple.product-type.application";
		};
/* End PBXNativeTarget section */

/* Begin PBXProject section */
		43F9C2B71CA355E2008FADFC /* Project object */ = {
			isa = PBXProject;
			attributes = {
				LastSwiftUpdateCheck = 0720;
				LastUpgradeCheck = 0720;
				ORGANIZATIONNAME = Swift;
				TargetAttributes = {
					43F9C2BE1CA355E2008FADFC = {
						CreatedOnToolsVersion = 7.2;
						LastSwiftMigration = 0830;
					};
				};
			};
			buildConfigurationList = 43F9C2BA1CA355E2008FADFC /* Build configuration list for PBXProject "SegmentedControl" */;
			compatibilityVersion = "Xcode 3.2";
			developmentRegion = English;
			hasScannedForEncodings = 0;
			knownRegions = (
				en,
				Base,
			);
			mainGroup = 43F9C2B61CA355E2008FADFC;
			productRefGroup = 43F9C2C01CA355E2008FADFC /* Products */;
			projectDirPath = "";
			projectRoot = "";
			targets = (
				43F9C2BE1CA355E2008FADFC /* SegmentedControl */,
			);
		};
/* End PBXProject section */

/* Begin PBXResourcesBuildPhase section */
		43F9C2BD1CA355E2008FADFC /* Resources */ = {
			isa = PBXResourcesBuildPhase;
			buildActionMask = 2147483647;
			files = (
				43F9C2CD1CA355E2008FADFC /* LaunchScreen.storyboard in Resources */,
				43F9C2CA1CA355E2008FADFC /* Assets.xcassets in Resources */,
				43F9C2C81CA355E2008FADFC /* Main.storyboard in Resources */,
			);
			runOnlyForDeploymentPostprocessing = 0;
		};
/* End PBXResourcesBuildPhase section */

/* Begin PBXSourcesBuildPhase section */
		43F9C2BB1CA355E2008FADFC /* Sources */ = {
			isa = PBXSourcesBuildPhase;
			buildActionMask = 2147483647;
			files = (
				43F9C2C51CA355E2008FADFC /* ViewController.swift in Sources */,
				43F9C2C31CA355E2008FADFC /* AppDelegate.swift in Sources */,
			);
			runOnlyForDeploymentPostprocessing = 0;
		};
/* End PBXSourcesBuildPhase section */

/* Begin PBXVariantGroup section */
		43F9C2C61CA355E2008FADFC /* Main.storyboard */ = {
			isa = PBXVariantGroup;
			children = (
				43F9C2C71CA355E2008FADFC /* Base */,
			);
			name = Main.storyboard;
			sourceTree = "<group>";
		};
		43F9C2CB1CA355E2008FADFC /* LaunchScreen.storyboard */ = {
			isa = PBXVariantGroup;
			children = (
				43F9C2CC1CA355E2008FADFC /* Base */,
			);
			name = LaunchScreen.storyboard;
			sourceTree = "<group>";
		};
/* End PBXVariantGroup section */

/* Begin XCBuildConfiguration section */
		43F9C2CF1CA355E2008FADFC /* Debug */ = {
			isa = XCBuildConfiguration;
			buildSettings = {
				ALWAYS_SEARCH_USER_PATHS = NO;
				CLANG_CXX_LANGUAGE_STANDARD = "gnu++0x";
				CLANG_CXX_LIBRARY = "libc++";
				CLANG_ENABLE_MODULES = YES;
				CLANG_ENABLE_OBJC_ARC = YES;
				CLANG_WARN_BOOL_CONVERSION = YES;
				CLANG_WARN_CONSTANT_CONVERSION = YES;
				CLANG_WARN_DIRECT_OBJC_ISA_USAGE = YES_ERROR;
				CLANG_WARN_EMPTY_BODY = YES;
				CLANG_WARN_ENUM_CONVERSION = YES;
				CLANG_WARN_INT_CONVERSION = YES;
				CLANG_WARN_OBJC_ROOT_CLASS = YES_ERROR;
				CLANG_WARN_UNREACHABLE_CODE = YES;
				CLANG_WARN__DUPLICATE_METHOD_MATCH = YES;
				"CODE_SIGN_IDENTITY[sdk=iphoneos*]" = "iPhone Developer";
				COPY_PHASE_STRIP = NO;
				DEBUG_INFORMATION_FORMAT = dwarf;
				ENABLE_STRICT_OBJC_MSGSEND = YES;
				ENABLE_TESTABILITY = YES;
				GCC_C_LANGUAGE_STANDARD = gnu99;
				GCC_DYNAMIC_NO_PIC = NO;
				GCC_NO_COMMON_BLOCKS = YES;
				GCC_OPTIMIZATION_LEVEL = 0;
				GCC_PREPROCESSOR_DEFINITIONS = (
					"DEBUG=1",
					"$(inherited)",
				);
				GCC_WARN_64_TO_32_BIT_CONVERSION = YES;
				GCC_WARN_ABOUT_RETURN_TYPE = YES_ERROR;
				GCC_WARN_UNDECLARED_SELECTOR = YES;
				GCC_WARN_UNINITIALIZED_AUTOS = YES_AGGRESSIVE;
				GCC_WARN_UNUSED_FUNCTION = YES;
				GCC_WARN_UNUSED_VARIABLE = YES;
				IPHONEOS_DEPLOYMENT_TARGET = 9.2;
				MTL_ENABLE_DEBUG_INFO = YES;
				ONLY_ACTIVE_ARCH = YES;
				SDKROOT = iphoneos;
				SWIFT_OPTIMIZATION_LEVEL = "-Onone";
			};
			name = Debug;
		};
		43F9C2D01CA355E2008FADFC /* Release */ = {
			isa = XCBuildConfiguration;
			buildSettings = {
				ALWAYS_SEARCH_USER_PATHS = NO;
				CLANG_CXX_LANGUAGE_STANDARD = "gnu++0x";
				CLANG_CXX_LIBRARY = "libc++";
				CLANG_ENABLE_MODULES = YES;
				CLANG_ENABLE_OBJC_ARC = YES;
				CLANG_WARN_BOOL_CONVERSION = YES;
				CLANG_WARN_CONSTANT_CONVERSION = YES;
				CLANG_WARN_DIRECT_OBJC_ISA_USAGE = YES_ERROR;
				CLANG_WARN_EMPTY_BODY = YES;
				CLANG_WARN_ENUM_CONVERSION = YES;
				CLANG_WARN_INT_CONVERSION = YES;
				CLANG_WARN_OBJC_ROOT_CLASS = YES_ERROR;
				CLANG_WARN_UNREACHABLE_CODE = YES;
				CLANG_WARN__DUPLICATE_METHOD_MATCH = YES;
				"CODE_SIGN_IDENTITY[sdk=iphoneos*]" = "iPhone Developer";
				COPY_PHASE_STRIP = NO;
				DEBUG_INFORMATION_FORMAT = "dwarf-with-dsym";
				ENABLE_NS_ASSERTIONS = NO;
				ENABLE_STRICT_OBJC_MSGSEND = YES;
				GCC_C_LANGUAGE_STANDARD = gnu99;
				GCC_NO_COMMON_BLOCKS = YES;
				GCC_WARN_64_TO_32_BIT_CONVERSION = YES;
				GCC_WARN_ABOUT_RETURN_TYPE = YES_ERROR;
				GCC_WARN_UNDECLARED_SELECTOR = YES;
				GCC_WARN_UNINITIALIZED_AUTOS = YES_AGGRESSIVE;
				GCC_WARN_UNUSED_FUNCTION = YES;
				GCC_WARN_UNUSED_VARIABLE = YES;
				IPHONEOS_DEPLOYMENT_TARGET = 9.2;
				MTL_ENABLE_DEBUG_INFO = NO;
				SDKROOT = iphoneos;
				VALIDATE_PRODUCT = YES;
			};
			name = Release;
		};
		43F9C2D21CA355E2008FADFC /* Debug */ = {
			isa = XCBuildConfiguration;
			buildSettings = {
				ASSETCATALOG_COMPILER_APPICON_NAME = AppIcon;
				INFOPLIST_FILE = SegmentedControl/Info.plist;
				LD_RUNPATH_SEARCH_PATHS = "$(inherited) @executable_path/Frameworks";
				PRODUCT_BUNDLE_IDENTIFIER = br.com.quaddro.SegmentedControl;
				PRODUCT_NAME = "$(TARGET_NAME)";
				SWIFT_VERSION = 3.0;
			};
			name = Debug;
		};
		43F9C2D31CA355E2008FADFC /* Release */ = {
			isa = XCBuildConfiguration;
			buildSettings = {
				ASSETCATALOG_COMPILER_APPICON_NAME = AppIcon;
				INFOPLIST_FILE = SegmentedControl/Info.plist;
				LD_RUNPATH_SEARCH_PATHS = "$(inherited) @executable_path/Frameworks";
				PRODUCT_BUNDLE_IDENTIFIER = br.com.quaddro.SegmentedControl;
				PRODUCT_NAME = "$(TARGET_NAME)";
				SWIFT_VERSION = 3.0;
			};
			name = Release;
		};
/* End XCBuildConfiguration section */

/* Begin XCConfigurationList section */
		43F9C2BA1CA355E2008FADFC /* Build configuration list for PBXProject "SegmentedControl" */ = {
			isa = XCConfigurationList;
			buildConfigurations = (
				43F9C2CF1CA355E2008FADFC /* Debug */,
				43F9C2D01CA355E2008FADFC /* Release */,
			);
			defaultConfigurationIsVisible = 0;
			defaultConfigurationName = Release;
		};
		43F9C2D11CA355E2008FADFC /* Build configuration list for PBXNativeTarget "SegmentedControl" */ = {
			isa = XCConfigurationList;
			buildConfigurations = (
				43F9C2D21CA355E2008FADFC /* Debug */,
				43F9C2D31CA355E2008FADFC /* Release */,
			);
			defaultConfigurationIsVisible = 0;
			defaultConfigurationName = Release;
		};
/* End XCConfigurationList section */
	};
	rootObject = 43F9C2B71CA355E2008FADFC /* Project object */;
}
